Microsoft Visual Studio Solution File, Format Version 11.00
# Visual Studio 2008

Project("{F4B9C3F2-DEC9-5195-C6DC-EB016CF6A140}") = "Table Hockey", "Assembly-CSharp-firstpass-vs.csproj", "{2FC36634-6369-B846-D924-D9502A41A621}"
EndProject
Project("{F4B9C3F2-DEC9-5195-C6DC-EB016CF6A140}") = "Table Hockey", "Assembly-CSharp-Editor-vs.csproj", "{34067150-448C-0D7D-5282-E3DE9FD2F2B8}"
EndProject
Global
	GlobalSection(SolutionConfigurationPlatforms) = preSolution
		Debug|Any CPU = Debug|Any CPU
		Release|Any CPU = Release|Any CPU
	EndGlobalSection
	GlobalSection(ProjectConfigurationPlatforms) = postSolution
		{2FC36634-6369-B846-D924-D9502A41A621}.Debug|Any CPU.ActiveCfg = Debug|Any CPU
		{2FC36634-6369-B846-D924-D9502A41A621}.Debug|Any CPU.Build.0 = Debug|Any CPU
		{2FC36634-6369-B846-D924-D9502A41A621}.Release|Any CPU.ActiveCfg = Release|Any CPU
		{2FC36634-6369-B846-D924-D9502A41A621}.Release|Any CPU.Build.0 = Release|Any CPU
		{34067150-448C-0D7D-5282-E3DE9FD2F2B8}.Debug|Any CPU.ActiveCfg = Debug|Any CPU
		{34067150-448C-0D7D-5282-E3DE9FD2F2B8}.Debug|Any CPU.Build.0 = Debug|Any CPU
		{34067150-448C-0D7D-5282-E3DE9FD2F2B8}.Release|Any CPU.ActiveCfg = Release|Any CPU
		{34067150-448C-0D7D-5282-E3DE9FD2F2B8}.Release|Any CPU.Build.0 = Release|Any CPU
	EndGlobalSection
	GlobalSection(SolutionProperties) = preSolution
		HideSolutionNode = FALSE
	EndGlobalSection
				GlobalSection(MonoDevelopProperties) = preSolution
		StartupItem = Assembly-CSharp.csproj
		Policies = $0
		$0.TextStylePolicy = $1
		$1.inheritsSet = null
		$1.scope = text/x-csharp
		$0.CSharpFormattingPolicy = $2
		$2.inheritsSet = Mono
		$2.inheritsScope = text/x-csharp
		$2.scope = text/x-csharp
		$0.TextStylePolicy = $3
		$3.FileWidth = 120
		$3.TabWidth = 4
		$3.IndentWidth = 4
		$3.EolMarker = Unix
		$3.inheritsSet = Mono
		$3.inheritsScope = text/plain
		$3.scope = text/plain
	EndGlobalSection

EndGlobal
