Microsoft Visual Studio Solution File, Format Version 11.00
# Visual Studio 2008

Project("{6081BECA-F04F-5A14-5540-7D73E09BCA13}") = "Hockey", "Assembly-CSharp-firstpass.csproj", "{99087757-0865-367F-FDBD-A02C5A4B8E49}"
EndProject
Project("{6081BECA-F04F-5A14-5540-7D73E09BCA13}") = "Hockey", "Assembly-CSharp.csproj", "{DF8879A6-B95D-C260-877D-65C584CFB6D2}"
EndProject
Project("{6081BECA-F04F-5A14-5540-7D73E09BCA13}") = "Hockey", "Assembly-CSharp-Editor.csproj", "{262CBEE5-7202-4FA1-0A6A-29A3DEB92ED3}"
EndProject
Project("{6081BECA-F04F-5A14-5540-7D73E09BCA13}") = "Hockey", "Assembly-UnityScript-Editor.unityproj", "{9412ECCE-2F87-8B9B-5654-64F4A3B01428}"
EndProject
Global
	GlobalSection(SolutionConfigurationPlatforms) = preSolution
		Debug|Any CPU = Debug|Any CPU
		Release|Any CPU = Release|Any CPU
	EndGlobalSection
	GlobalSection(ProjectConfigurationPlatforms) = postSolution
		{99087757-0865-367F-FDBD-A02C5A4B8E49}.Debug|Any CPU.ActiveCfg = Debug|Any CPU
		{99087757-0865-367F-FDBD-A02C5A4B8E49}.Debug|Any CPU.Build.0 = Debug|Any CPU
		{99087757-0865-367F-FDBD-A02C5A4B8E49}.Release|Any CPU.ActiveCfg = Release|Any CPU
		{99087757-0865-367F-FDBD-A02C5A4B8E49}.Release|Any CPU.Build.0 = Release|Any CPU
		{DF8879A6-B95D-C260-877D-65C584CFB6D2}.Debug|Any CPU.ActiveCfg = Debug|Any CPU
		{DF8879A6-B95D-C260-877D-65C584CFB6D2}.Debug|Any CPU.Build.0 = Debug|Any CPU
		{DF8879A6-B95D-C260-877D-65C584CFB6D2}.Release|Any CPU.ActiveCfg = Release|Any CPU
		{DF8879A6-B95D-C260-877D-65C584CFB6D2}.Release|Any CPU.Build.0 = Release|Any CPU
		{262CBEE5-7202-4FA1-0A6A-29A3DEB92ED3}.Debug|Any CPU.ActiveCfg = Debug|Any CPU
		{262CBEE5-7202-4FA1-0A6A-29A3DEB92ED3}.Debug|Any CPU.Build.0 = Debug|Any CPU
		{262CBEE5-7202-4FA1-0A6A-29A3DEB92ED3}.Release|Any CPU.ActiveCfg = Release|Any CPU
		{262CBEE5-7202-4FA1-0A6A-29A3DEB92ED3}.Release|Any CPU.Build.0 = Release|Any CPU
		{9412ECCE-2F87-8B9B-5654-64F4A3B01428}.Debug|Any CPU.ActiveCfg = Debug|Any CPU
		{9412ECCE-2F87-8B9B-5654-64F4A3B01428}.Debug|Any CPU.Build.0 = Debug|Any CPU
		{9412ECCE-2F87-8B9B-5654-64F4A3B01428}.Release|Any CPU.ActiveCfg = Release|Any CPU
		{9412ECCE-2F87-8B9B-5654-64F4A3B01428}.Release|Any CPU.Build.0 = Release|Any CPU
	EndGlobalSection
	GlobalSection(SolutionProperties) = preSolution
		HideSolutionNode = FALSE
	EndGlobalSection
																																															GlobalSection(MonoDevelopProperties) = preSolution
		StartupItem = Assembly-CSharp.csproj
		Policies = $0
		$0.TextStylePolicy = $1
		$1.inheritsSet = null
		$1.scope = text/x-csharp
		$0.CSharpFormattingPolicy = $2
		$2.inheritsSet = Mono
		$2.inheritsScope = text/x-csharp
		$2.scope = text/x-csharp
		$0.TextStylePolicy = $3
		$3.FileWidth = 120
		$3.TabWidth = 4
		$3.IndentWidth = 4
		$3.EolMarker = Unix
		$3.inheritsSet = Mono
		$3.inheritsScope = text/plain
		$3.scope = text/plain
	EndGlobalSection
EndGlobal
